
Microsoft Visual Studio Solution File, Format Version 12.00
# Visual Studio 15
VisualStudioVersion = 15.0.28307.757
MinimumVisualStudioVersion = 10.0.40219.1
Project("{9A19103F-16F7-4668-BE54-9A1E7A4F7556}") = "Mini-IMDB", "MiniIMDB\Mini-IMDB.csproj", "{222CE1AE-36A1-4976-A54D-F14609900F49}"
EndProject
Global
	GlobalSection(SolutionConfigurationPlatforms) = preSolution
		Debug|Any CPU = Debug|Any CPU
		Release|Any CPU = Release|Any CPU
	EndGlobalSection
	GlobalSection(ProjectConfigurationPlatforms) = postSolution
		{222CE1AE-36A1-4976-A54D-F14609900F49}.Debug|Any CPU.ActiveCfg = Debug|Any CPU
		{222CE1AE-36A1-4976-A54D-F14609900F49}.Debug|Any CPU.Build.0 = Debug|Any CPU
		{222CE1AE-36A1-4976-A54D-F14609900F49}.Release|Any CPU.ActiveCfg = Release|Any CPU
		{222CE1AE-36A1-4976-A54D-F14609900F49}.Release|Any CPU.Build.0 = Release|Any CPU
	EndGlobalSection
	GlobalSection(SolutionProperties) = preSolution
		HideSolutionNode = FALSE
	EndGlobalSection
	GlobalSection(ExtensibilityGlobals) = postSolution
		SolutionGuid = {EEC184A0-EEFB-436A-972F-EFBA589E5727}
	EndGlobalSection
EndGlobal
